{
  "originHash" : "f2d40c6e84d2ecc93de89af2e906b8f68e804143dedcb98b09d6f39decfad965",
  "pins" : [
    {
      "identity" : "alamofire",
      "kind" : "remoteSourceControl",
      "location" : "https://github.com/Alamofire/Alamofire.git",
      "state" : {
        "revision" : "513364f870f6bfc468f9d2ff0a95caccc10044c5",
        "version" : "5.10.2"
      }
    },
    {
      "identity" : "swift-dotenv",
      "kind" : "remoteSourceControl",
      "location" : "https://github.com/thebarndog/swift-dotenv.git",
      "state" : {
        "revision" : "d13062940a3cdb2b13efa22ecc83b07b21c2e8dc",
        "version" : "2.1.0"
      }
    }
  ],
  "version" : 3
}
